// !$*UTF8*$!
{
	archiveVersion = 1;
	classes = {
	};
	objectVersion = 46;
	objects = {

/* Begin PBXBuildFile section */
		C0D710561CB7E46600632CB6 /* AppDelegate.swift in Sources */ = {isa = PBXBuildFile; fileRef = C0D710551CB7E46600632CB6 /* AppDelegate.swift */; };
		C0D710581CB7E46600632CB6 /* DrawingViewController.swift in Sources */ = {isa = PBXBuildFile; fileRef = C0D710571CB7E46600632CB6 /* DrawingViewController.swift */; };
		C0D7105B1CB7E46600632CB6 /* Main.storyboard in Resources */ = {isa = PBXBuildFile; fileRef = C0D710591CB7E46600632CB6 /* Main.storyboard */; };
		C0D7105D1CB7E46600632CB6 /* Assets.xcassets in Resources */ = {isa = PBXBuildFile; fileRef = C0D7105C1CB7E46600632CB6 /* Assets.xcassets */; };
		C0D710601CB7E46600632CB6 /* LaunchScreen.storyboard in Resources */ = {isa = PBXBuildFile; fileRef = C0D7105E1CB7E46600632CB6 /* LaunchScreen.storyboard */; };
		C0D710681CB7E85F00632CB6 /* SettingsViewController.swift in Sources */ = {isa = PBXBuildFile; fileRef = C0D710671CB7E85F00632CB6 /* SettingsViewController.swift */; };
/* End PBXBuildFile section */

/* Begin PBXFileReference section */
		C0D710521CB7E46600632CB6 /* Fun Draw.app */ = {isa = PBXFileReference; explicitFileType = wrapper.application; includeInIndex = 0; path = "Fun Draw.app"; sourceTree = BUILT_PRODUCTS_DIR; };
		C0D710551CB7E46600632CB6 /* AppDelegate.swift */ = {isa = PBXFileReference; lastKnownFileType = sourcecode.swift; path = AppDelegate.swift; sourceTree = "<group>"; };
		C0D710571CB7E46600632CB6 /* DrawingViewController.swift */ = {isa = PBXFileReference; lastKnownFileType = sourcecode.swift; path = DrawingViewController.swift; sourceTree = "<group>"; };
		C0D7105A1CB7E46600632CB6 /* Base */ = {isa = PBXFileReference; lastKnownFileType = file.storyboard; name = Base; path = Base.lproj/Main.storyboard; sourceTree = "<group>"; };
		C0D7105C1CB7E46600632CB6 /* Assets.xcassets */ = {isa = PBXFileReference; lastKnownFileType = folder.assetcatalog; path = Assets.xcassets; sourceTree = "<group>"; };
		C0D7105F1CB7E46600632CB6 /* Base */ = {isa = PBXFileReference; lastKnownFileType = file.storyboard; name = Base; path = Base.lproj/LaunchScreen.storyboard; sourceTree = "<group>"; };
		C0D710611CB7E46600632CB6 /* Info.plist */ = {isa = PBXFileReference; lastKnownFileType = text.plist.xml; path = Info.plist; sourceTree = "<group>"; };
		C0D710671CB7E85F00632CB6 /* SettingsViewController.swift */ = {isa = PBXFileReference; fileEncoding = 4; lastKnownFileType = sourcecode.swift; path = SettingsViewController.swift; sourceTree = "<group>"; };
/* End PBXFileReference section */

/* Begin PBXFrameworksBuildPhase section */
		C0D7104F1CB7E46600632CB6 /* Frameworks */ = {
			isa = PBXFrameworksBuildPhase;
			buildActionMask = 2147483647;
			files = (
			);
			runOnlyForDeploymentPostprocessing = 0;
		};
/* End PBXFrameworksBuildPhase section */

/* Begin PBXGroup section */
		C0D710491CB7E46600632CB6 = {
			isa = PBXGroup;
			children = (
				C0D710541CB7E46600632CB6 /* Fun Draw */,
				C0D710531CB7E46600632CB6 /* Products */,
			);
			sourceTree = "<group>";
		};
		C0D710531CB7E46600632CB6 /* Products */ = {
			isa = PBXGroup;
			children = (
				C0D710521CB7E46600632CB6 /* Fun Draw.app */,
			);
			name = Products;
			sourceTree = "<group>";
		};
		C0D710541CB7E46600632CB6 /* Fun Draw */ = {
			isa = PBXGroup;
			children = (
				C0D710551CB7E46600632CB6 /* AppDelegate.swift */,
				C0D710571CB7E46600632CB6 /* DrawingViewController.swift */,
				C0D710671CB7E85F00632CB6 /* SettingsViewController.swift */,
				C0D710591CB7E46600632CB6 /* Main.storyboard */,
				C0D7105C1CB7E46600632CB6 /* Assets.xcassets */,
				C0D7105E1CB7E46600632CB6 /* LaunchScreen.storyboard */,
				C0D710611CB7E46600632CB6 /* Info.plist */,
			);
			path = "Fun Draw";
			sourceTree = "<group>";
		};
/* End PBXGroup section */

/* Begin PBXNativeTarget section */
		C0D710511CB7E46600632CB6 /* Fun Draw */ = {
			isa = PBXNativeTarget;
			buildConfigurationList = C0D710641CB7E46600632CB6 /* Build configuration list for PBXNativeTarget "Fun Draw" */;
			buildPhases = (
				C0D7104E1CB7E46600632CB6 /* Sources */,
				C0D7104F1CB7E46600632CB6 /* Frameworks */,
				C0D710501CB7E46600632CB6 /* Resources */,
			);
			buildRules = (
			);
			dependencies = (
			);
			name = "Fun Draw";
			productName = "Fun Draw";
			productReference = C0D710521CB7E46600632CB6 /* Fun Draw.app */;
			productType = "com.apple.product-type.application";
		};
/* End PBXNativeTarget section */

/* Begin PBXProject section */
		C0D7104A1CB7E46600632CB6 /* Project object */ = {
			isa = PBXProject;
			attributes = {
				LastSwiftUpdateCheck = 0720;
				LastUpgradeCheck = 0720;
				ORGANIZATIONNAME = "Ryan Tallmadge";
				TargetAttributes = {
					C0D710511CB7E46600632CB6 = {
						CreatedOnToolsVersion = 7.2.1;
					};
				};
			};
			buildConfigurationList = C0D7104D1CB7E46600632CB6 /* Build configuration list for PBXProject "Fun Draw" */;
			compatibilityVersion = "Xcode 3.2";
			developmentRegion = English;
			hasScannedForEncodings = 0;
			knownRegions = (
				en,
				Base,
			);
			mainGroup = C0D710491CB7E46600632CB6;
			productRefGroup = C0D710531CB7E46600632CB6 /* Products */;
			projectDirPath = "";
			projectRoot = "";
			targets = (
				C0D710511CB7E46600632CB6 /* Fun Draw */,
			);
		};
/* End PBXProject section */

/* Begin PBXResourcesBuildPhase section */
		C0D710501CB7E46600632CB6 /* Resources */ = {
			isa = PBXResourcesBuildPhase;
			buildActionMask = 2147483647;
			files = (
				C0D710601CB7E46600632CB6 /* LaunchScreen.storyboard in Resources */,
				C0D7105D1CB7E46600632CB6 /* Assets.xcassets in Resources */,
				C0D7105B1CB7E46600632CB6 /* Main.storyboard in Resources */,
			);
			runOnlyForDeploymentPostprocessing = 0;
		};
/* End PBXResourcesBuildPhase section */

/* Begin PBXSourcesBuildPhase section */
		C0D7104E1CB7E46600632CB6 /* Sources */ = {
			isa = PBXSourcesBuildPhase;
			buildActionMask = 2147483647;
			files = (
				C0D710581CB7E46600632CB6 /* DrawingViewController.swift in Sources */,
				C0D710561CB7E46600632CB6 /* AppDelegate.swift in Sources */,
				C0D710681CB7E85F00632CB6 /* SettingsViewController.swift in Sources */,
			);
			runOnlyForDeploymentPostprocessing = 0;
		};
/* End PBXSourcesBuildPhase section */

/* Begin PBXVariantGroup section */
		C0D710591CB7E46600632CB6 /* Main.storyboard */ = {
			isa = PBXVariantGroup;
			children = (
				C0D7105A1CB7E46600632CB6 /* Base */,
			);
			name = Main.storyboard;
			sourceTree = "<group>";
		};
		C0D7105E1CB7E46600632CB6 /* LaunchScreen.storyboard */ = {
			isa = PBXVariantGroup;
			children = (
				C0D7105F1CB7E46600632CB6 /* Base */,
			);
			name = LaunchScreen.storyboard;
			sourceTree = "<group>";
		};
/* End PBXVariantGroup section */

/* Begin XCBuildConfiguration section */
		C0D710621CB7E46600632CB6 /* Debug */ = {
			isa = XCBuildConfiguration;
			buildSettings = {
				ALWAYS_SEARCH_USER_PATHS = NO;
				CLANG_CXX_LANGUAGE_STANDARD = "gnu++0x";
				CLANG_CXX_LIBRARY = "libc++";
				CLANG_ENABLE_MODULES = YES;
				CLANG_ENABLE_OBJC_ARC = YES;
				CLANG_WARN_BOOL_CONVERSION = YES;
				CLANG_WARN_CONSTANT_CONVERSION = YES;
				CLANG_WARN_DIRECT_OBJC_ISA_USAGE = YES_ERROR;
				CLANG_WARN_EMPTY_BODY = YES;
				CLANG_WARN_ENUM_CONVERSION = YES;
				CLANG_WARN_INT_CONVERSION = YES;
				CLANG_WARN_OBJC_ROOT_CLASS = YES_ERROR;
				CLANG_WARN_UNREACHABLE_CODE = YES;
				CLANG_WARN__DUPLICATE_METHOD_MATCH = YES;
				"CODE_SIGN_IDENTITY[sdk=iphoneos*]" = "iPhone Developer";
				COPY_PHASE_STRIP = NO;
				DEBUG_INFORMATION_FORMAT = dwarf;
				ENABLE_STRICT_OBJC_MSGSEND = YES;
				ENABLE_TESTABILITY = YES;
				GCC_C_LANGUAGE_STANDARD = gnu99;
				GCC_DYNAMIC_NO_PIC = NO;
				GCC_NO_COMMON_BLOCKS = YES;
				GCC_OPTIMIZATION_LEVEL = 0;
				GCC_PREPROCESSOR_DEFINITIONS = (
					"DEBUG=1",
					"$(inherited)",
				);
				GCC_WARN_64_TO_32_BIT_CONVERSION = YES;
				GCC_WARN_ABOUT_RETURN_TYPE = YES_ERROR;
				GCC_WARN_UNDECLARED_SELECTOR = YES;
				GCC_WARN_UNINITIALIZED_AUTOS = YES_AGGRESSIVE;
				GCC_WARN_UNUSED_FUNCTION = YES;
				GCC_WARN_UNUSED_VARIABLE = YES;
				IPHONEOS_DEPLOYMENT_TARGET = 9.2;
				MTL_ENABLE_DEBUG_INFO = YES;
				ONLY_ACTIVE_ARCH = YES;
				SDKROOT = iphoneos;
				SWIFT_OPTIMIZATION_LEVEL = "-Onone";
				TARGETED_DEVICE_FAMILY = "1,2";
			};
			name = Debug;
		};
		C0D710631CB7E46600632CB6 /* Release */ = {
			isa = XCBuildConfiguration;
			buildSettings = {
				ALWAYS_SEARCH_USER_PATHS = NO;
				CLANG_CXX_LANGUAGE_STANDARD = "gnu++0x";
				CLANG_CXX_LIBRARY = "libc++";
				CLANG_ENABLE_MODULES = YES;
				CLANG_ENABLE_OBJC_ARC = YES;
				CLANG_WARN_BOOL_CONVERSION = YES;
				CLANG_WARN_CONSTANT_CONVERSION = YES;
				CLANG_WARN_DIRECT_OBJC_ISA_USAGE = YES_ERROR;
				CLANG_WARN_EMPTY_BODY = YES;
				CLANG_WARN_ENUM_CONVERSION = YES;
				CLANG_WARN_INT_CONVERSION = YES;
				CLANG_WARN_OBJC_ROOT_CLASS = YES_ERROR;
				CLANG_WARN_UNREACHABLE_CODE = YES;
				CLANG_WARN__DUPLICATE_METHOD_MATCH = YES;
				"CODE_SIGN_IDENTITY[sdk=iphoneos*]" = "iPhone Developer";
				COPY_PHASE_STRIP = NO;
				DEBUG_INFORMATION_FORMAT = "dwarf-with-dsym";
				ENABLE_NS_ASSERTIONS = NO;
				ENABLE_STRICT_OBJC_MSGSEND = YES;
				GCC_C_LANGUAGE_STANDARD = gnu99;
				GCC_NO_COMMON_BLOCKS = YES;
				GCC_WARN_64_TO_32_BIT_CONVERSION = YES;
				GCC_WARN_ABOUT_RETURN_TYPE = YES_ERROR;
				GCC_WARN_UNDECLARED_SELECTOR = YES;
				GCC_WARN_UNINITIALIZED_AUTOS = YES_AGGRESSIVE;
				GCC_WARN_UNUSED_FUNCTION = YES;
				GCC_WARN_UNUSED_VARIABLE = YES;
				IPHONEOS_DEPLOYMENT_TARGET = 9.2;
				MTL_ENABLE_DEBUG_INFO = NO;
				SDKROOT = iphoneos;
				TARGETED_DEVICE_FAMILY = "1,2";
				VALIDATE_PRODUCT = YES;
			};
			name = Release;
		};
		C0D710651CB7E46600632CB6 /* Debug */ = {
			isa = XCBuildConfiguration;
			buildSettings = {
				ASSETCATALOG_COMPILER_APPICON_NAME = AppIcon;
				INFOPLIST_FILE = "Fun Draw/Info.plist";
				LD_RUNPATH_SEARCH_PATHS = "$(inherited) @executable_path/Frameworks";
				PRODUCT_BUNDLE_IDENTIFIER = "com.ryantallmadge.Fun-Draw";
				PRODUCT_NAME = "$(TARGET_NAME)";
			};
			name = Debug;
		};
		C0D710661CB7E46600632CB6 /* Release */ = {
			isa = XCBuildConfiguration;
			buildSettings = {
				ASSETCATALOG_COMPILER_APPICON_NAME = AppIcon;
				INFOPLIST_FILE = "Fun Draw/Info.plist";
				LD_RUNPATH_SEARCH_PATHS = "$(inherited) @executable_path/Frameworks";
				PRODUCT_BUNDLE_IDENTIFIER = "com.ryantallmadge.Fun-Draw";
				PRODUCT_NAME = "$(TARGET_NAME)";
			};
			name = Release;
		};
/* End XCBuildConfiguration section */

/* Begin XCConfigurationList section */
		C0D7104D1CB7E46600632CB6 /* Build configuration list for PBXProject "Fun Draw" */ = {
			isa = XCConfigurationList;
			buildConfigurations = (
				C0D710621CB7E46600632CB6 /* Debug */,
				C0D710631CB7E46600632CB6 /* Release */,
			);
			defaultConfigurationIsVisible = 0;
			defaultConfigurationName = Release;
		};
		C0D710641CB7E46600632CB6 /* Build configuration list for PBXNativeTarget "Fun Draw" */ = {
			isa = XCConfigurationList;
			buildConfigurations = (
				C0D710651CB7E46600632CB6 /* Debug */,
				C0D710661CB7E46600632CB6 /* Release */,
			);
			defaultConfigurationIsVisible = 0;
		};
/* End XCConfigurationList section */
	};
	rootObject = C0D7104A1CB7E46600632CB6 /* Project object */;
}
